
Microsoft Visual Studio Solution File, Format Version 12.00
# Visual Studio Version 16
VisualStudioVersion = 16.0.29806.167
MinimumVisualStudioVersion = 10.0.40219.1
Project("{2150E333-8FDC-42A3-9474-1A3956D46DE8}") = "01-Presentacion", "01-Presentacion", "{98454D7B-2884-42CF-BD5C-4023C2763361}"
EndProject
Project("{2150E333-8FDC-42A3-9474-1A3956D46DE8}") = "02-Logica", "02-Logica", "{868CA6BC-25A3-443F-8C6D-65A359C2E70C}"
EndProject
Project("{2150E333-8FDC-42A3-9474-1A3956D46DE8}") = "03-Modelo", "03-Modelo", "{7E58C20C-5B5D-495B-B84F-7F8755B2BCBD}"
EndProject
Project("{2150E333-8FDC-42A3-9474-1A3956D46DE8}") = "04-Datos", "04-Datos", "{97365ECB-010D-495E-9091-89BECFD6FE1C}"
EndProject
Project("{2150E333-8FDC-42A3-9474-1A3956D46DE8}") = "05-External", "05-External", "{37EA6CE1-49AF-433A-A736-786F7A76E486}"
EndProject
Project("{9A19103F-16F7-4668-BE54-9A1E7A4F7556}") = "Ywferia.Cloud.Logica", "Ywferia.Cloud.Logica\Ywferia.Cloud.Logica.csproj", "{BC0F9FCE-B29E-4102-BF48-D59786BB307B}"
EndProject
Project("{9A19103F-16F7-4668-BE54-9A1E7A4F7556}") = "Ywferia.Cloud.Modelo", "Ywferia.Cloud.Modelo\Ywferia.Cloud.Modelo.csproj", "{F34FB9AB-5310-4B31-A9C2-594F0D90D54E}"
EndProject
Project("{9A19103F-16F7-4668-BE54-9A1E7A4F7556}") = "Ywferia.Cloud.AccesoDatos", "Ywferia.Cloud.AccesoDatos\Ywferia.Cloud.AccesoDatos.csproj", "{D465B969-7CD0-40BD-ACC7-AF50F931C157}"
EndProject
Project("{9A19103F-16F7-4668-BE54-9A1E7A4F7556}") = "Ywferia.Cloud.Utilitarios", "Ywferia.Cloud.Utilitarios\Ywferia.Cloud.Utilitarios.csproj", "{BEA415B6-DCBF-40B7-B63F-18E40C68CBB2}"
EndProject
Project("{9A19103F-16F7-4668-BE54-9A1E7A4F7556}") = "Ywferia.Cloud.Inyeccion", "Ywferia.Cloud.Inyeccion\Ywferia.Cloud.Inyeccion.csproj", "{FD73E882-7FBC-4312-BAD2-918D1DAA332D}"
EndProject
Project("{9A19103F-16F7-4668-BE54-9A1E7A4F7556}") = "Ywferia.Cloud.AppWeb", "Ywferia.Cloud.AppWeb\Ywferia.Cloud.AppWeb.csproj", "{9DCC4AE9-141D-4145-8EBD-9558E5E29182}"
EndProject
Global
	GlobalSection(SolutionConfigurationPlatforms) = preSolution
		Debug|Any CPU = Debug|Any CPU
		Release|Any CPU = Release|Any CPU
	EndGlobalSection
	GlobalSection(ProjectConfigurationPlatforms) = postSolution
		{BC0F9FCE-B29E-4102-BF48-D59786BB307B}.Debug|Any CPU.ActiveCfg = Debug|Any CPU
		{BC0F9FCE-B29E-4102-BF48-D59786BB307B}.Debug|Any CPU.Build.0 = Debug|Any CPU
		{BC0F9FCE-B29E-4102-BF48-D59786BB307B}.Release|Any CPU.ActiveCfg = Release|Any CPU
		{BC0F9FCE-B29E-4102-BF48-D59786BB307B}.Release|Any CPU.Build.0 = Release|Any CPU
		{F34FB9AB-5310-4B31-A9C2-594F0D90D54E}.Debug|Any CPU.ActiveCfg = Debug|Any CPU
		{F34FB9AB-5310-4B31-A9C2-594F0D90D54E}.Debug|Any CPU.Build.0 = Debug|Any CPU
		{F34FB9AB-5310-4B31-A9C2-594F0D90D54E}.Release|Any CPU.ActiveCfg = Release|Any CPU
		{F34FB9AB-5310-4B31-A9C2-594F0D90D54E}.Release|Any CPU.Build.0 = Release|Any CPU
		{D465B969-7CD0-40BD-ACC7-AF50F931C157}.Debug|Any CPU.ActiveCfg = Debug|Any CPU
		{D465B969-7CD0-40BD-ACC7-AF50F931C157}.Debug|Any CPU.Build.0 = Debug|Any CPU
		{D465B969-7CD0-40BD-ACC7-AF50F931C157}.Release|Any CPU.ActiveCfg = Release|Any CPU
		{D465B969-7CD0-40BD-ACC7-AF50F931C157}.Release|Any CPU.Build.0 = Release|Any CPU
		{BEA415B6-DCBF-40B7-B63F-18E40C68CBB2}.Debug|Any CPU.ActiveCfg = Debug|Any CPU
		{BEA415B6-DCBF-40B7-B63F-18E40C68CBB2}.Debug|Any CPU.Build.0 = Debug|Any CPU
		{BEA415B6-DCBF-40B7-B63F-18E40C68CBB2}.Release|Any CPU.ActiveCfg = Release|Any CPU
		{BEA415B6-DCBF-40B7-B63F-18E40C68CBB2}.Release|Any CPU.Build.0 = Release|Any CPU
		{FD73E882-7FBC-4312-BAD2-918D1DAA332D}.Debug|Any CPU.ActiveCfg = Debug|Any CPU
		{FD73E882-7FBC-4312-BAD2-918D1DAA332D}.Debug|Any CPU.Build.0 = Debug|Any CPU
		{FD73E882-7FBC-4312-BAD2-918D1DAA332D}.Release|Any CPU.ActiveCfg = Release|Any CPU
		{FD73E882-7FBC-4312-BAD2-918D1DAA332D}.Release|Any CPU.Build.0 = Release|Any CPU
		{9DCC4AE9-141D-4145-8EBD-9558E5E29182}.Debug|Any CPU.ActiveCfg = Debug|Any CPU
		{9DCC4AE9-141D-4145-8EBD-9558E5E29182}.Debug|Any CPU.Build.0 = Debug|Any CPU
		{9DCC4AE9-141D-4145-8EBD-9558E5E29182}.Release|Any CPU.ActiveCfg = Release|Any CPU
		{9DCC4AE9-141D-4145-8EBD-9558E5E29182}.Release|Any CPU.Build.0 = Release|Any CPU
	EndGlobalSection
	GlobalSection(SolutionProperties) = preSolution
		HideSolutionNode = FALSE
	EndGlobalSection
	GlobalSection(NestedProjects) = preSolution
		{BC0F9FCE-B29E-4102-BF48-D59786BB307B} = {868CA6BC-25A3-443F-8C6D-65A359C2E70C}
		{F34FB9AB-5310-4B31-A9C2-594F0D90D54E} = {7E58C20C-5B5D-495B-B84F-7F8755B2BCBD}
		{D465B969-7CD0-40BD-ACC7-AF50F931C157} = {97365ECB-010D-495E-9091-89BECFD6FE1C}
		{BEA415B6-DCBF-40B7-B63F-18E40C68CBB2} = {37EA6CE1-49AF-433A-A736-786F7A76E486}
		{FD73E882-7FBC-4312-BAD2-918D1DAA332D} = {37EA6CE1-49AF-433A-A736-786F7A76E486}
		{9DCC4AE9-141D-4145-8EBD-9558E5E29182} = {98454D7B-2884-42CF-BD5C-4023C2763361}
	EndGlobalSection
	GlobalSection(ExtensibilityGlobals) = postSolution
		SolutionGuid = {752BA78A-9D7E-4B0C-8546-3BBA054FA377}
	EndGlobalSection
EndGlobal
